
Microsoft Visual Studio Solution File, Format Version 12.00
# Visual Studio Version 17
VisualStudioVersion = 17.10.34902.84
MinimumVisualStudioVersion = 10.0.40219.1
Project("{FAE04EC0-301F-11D3-BF4B-00C04F79EFBC}") = "CICDDemo", "CICDDemo\CICDDemo.csproj", "{E553E55C-9B89-4B76-9805-7026E7153934}"
EndProject
Global
	GlobalSection(SolutionConfigurationPlatforms) = preSolution
		Debug|Any CPU = Debug|Any CPU
		Release|Any CPU = Release|Any CPU
	EndGlobalSection
	GlobalSection(ProjectConfigurationPlatforms) = postSolution
		{E553E55C-9B89-4B76-9805-7026E7153934}.Debug|Any CPU.ActiveCfg = Debug|Any CPU
		{E553E55C-9B89-4B76-9805-7026E7153934}.Debug|Any CPU.Build.0 = Debug|Any CPU
		{E553E55C-9B89-4B76-9805-7026E7153934}.Release|Any CPU.ActiveCfg = Release|Any CPU
		{E553E55C-9B89-4B76-9805-7026E7153934}.Release|Any CPU.Build.0 = Release|Any CPU
	EndGlobalSection
	GlobalSection(SolutionProperties) = preSolution
		HideSolutionNode = FALSE
	EndGlobalSection
	GlobalSection(ExtensibilityGlobals) = postSolution
		SolutionGuid = {669335BD-DD50-4377-B82F-F3F4AC52F36B}
	EndGlobalSection
EndGlobal
